
Microsoft Visual Studio Solution File, Format Version 12.00
# Visual Studio 15
VisualStudioVersion = 15.0.26430.12
MinimumVisualStudioVersion = 10.0.40219.1
Project("{FAE04EC0-301F-11D3-BF4B-00C04F79EFBC}") = "JehovaJireh.Web.UI", "JehovaJireh.Web.UI\JehovaJireh.Web.UI.csproj", "{DA300C78-A729-424B-B0B8-538E48D83689}"
EndProject
Project("{FAE04EC0-301F-11D3-BF4B-00C04F79EFBC}") = "JehovaJireh.Web.Tests", "JehovaJireh.Web.Tests\JehovaJireh.Web.Tests.csproj", "{821AE296-C908-43CD-A55C-317629406EDA}"
EndProject
Project("{FAE04EC0-301F-11D3-BF4B-00C04F79EFBC}") = "JehovaJireh.Core", "JehovaJireh.Core\JehovaJireh.Core.csproj", "{AA151837-8B5B-41F0-BCCF-37C31C320D78}"
EndProject
Project("{CC5FD16D-436D-48AD-A40C-5A424C6E3E79}") = "JehovaJireh.Azure.APIApp", "JehovaJireh.Azure.APIApp\JehovaJireh.Azure.APIApp.ccproj", "{6A087E28-E185-4921-A9CE-597E59593D49}"
EndProject
Project("{FAE04EC0-301F-11D3-BF4B-00C04F79EFBC}") = "JehovaJireh.Web.Services", "JehovaJireh.Web.Services\JehovaJireh.Web.Services.csproj", "{C1B4AD30-F66D-4014-99C9-83C3CB6BA54A}"
EndProject
Project("{FAE04EC0-301F-11D3-BF4B-00C04F79EFBC}") = "JehovaJireh", "JehovaJireh\JehovaJireh.csproj", "{D0C4182C-E093-4317-B331-9F682256DDB2}"
EndProject
Project("{FAE04EC0-301F-11D3-BF4B-00C04F79EFBC}") = "JehovaJireh.Infrastructure", "JehovaJireh.Infrastructure\JehovaJireh.Infrastructure.csproj", "{C7F48264-9082-475A-B17D-3EA22FAA7404}"
EndProject
Project("{FAE04EC0-301F-11D3-BF4B-00C04F79EFBC}") = "JehovaJireh.Data", "JehovaJireh.Data\JehovaJireh.Data.csproj", "{F9D19667-CA5F-4799-85BB-65EB973649F2}"
EndProject
Project("{FAE04EC0-301F-11D3-BF4B-00C04F79EFBC}") = "Resources", "Resources\Resources.csproj", "{8A25DC68-DC8E-423E-BDEF-B88EFA6CEA59}"
EndProject
Global
	GlobalSection(SolutionConfigurationPlatforms) = preSolution
		Debug|Any CPU = Debug|Any CPU
		Release|Any CPU = Release|Any CPU
	EndGlobalSection
	GlobalSection(ProjectConfigurationPlatforms) = postSolution
		{DA300C78-A729-424B-B0B8-538E48D83689}.Debug|Any CPU.ActiveCfg = Debug|Any CPU
		{DA300C78-A729-424B-B0B8-538E48D83689}.Debug|Any CPU.Build.0 = Debug|Any CPU
		{DA300C78-A729-424B-B0B8-538E48D83689}.Release|Any CPU.ActiveCfg = Release|Any CPU
		{DA300C78-A729-424B-B0B8-538E48D83689}.Release|Any CPU.Build.0 = Release|Any CPU
		{821AE296-C908-43CD-A55C-317629406EDA}.Debug|Any CPU.ActiveCfg = Debug|Any CPU
		{821AE296-C908-43CD-A55C-317629406EDA}.Debug|Any CPU.Build.0 = Debug|Any CPU
		{821AE296-C908-43CD-A55C-317629406EDA}.Release|Any CPU.ActiveCfg = Release|Any CPU
		{821AE296-C908-43CD-A55C-317629406EDA}.Release|Any CPU.Build.0 = Release|Any CPU
		{AA151837-8B5B-41F0-BCCF-37C31C320D78}.Debug|Any CPU.ActiveCfg = Debug|Any CPU
		{AA151837-8B5B-41F0-BCCF-37C31C320D78}.Debug|Any CPU.Build.0 = Debug|Any CPU
		{AA151837-8B5B-41F0-BCCF-37C31C320D78}.Release|Any CPU.ActiveCfg = Release|Any CPU
		{AA151837-8B5B-41F0-BCCF-37C31C320D78}.Release|Any CPU.Build.0 = Release|Any CPU
		{6A087E28-E185-4921-A9CE-597E59593D49}.Debug|Any CPU.ActiveCfg = Debug|Any CPU
		{6A087E28-E185-4921-A9CE-597E59593D49}.Debug|Any CPU.Build.0 = Debug|Any CPU
		{6A087E28-E185-4921-A9CE-597E59593D49}.Release|Any CPU.ActiveCfg = Release|Any CPU
		{6A087E28-E185-4921-A9CE-597E59593D49}.Release|Any CPU.Build.0 = Release|Any CPU
		{C1B4AD30-F66D-4014-99C9-83C3CB6BA54A}.Debug|Any CPU.ActiveCfg = Debug|Any CPU
		{C1B4AD30-F66D-4014-99C9-83C3CB6BA54A}.Debug|Any CPU.Build.0 = Debug|Any CPU
		{C1B4AD30-F66D-4014-99C9-83C3CB6BA54A}.Release|Any CPU.ActiveCfg = Release|Any CPU
		{C1B4AD30-F66D-4014-99C9-83C3CB6BA54A}.Release|Any CPU.Build.0 = Release|Any CPU
		{D0C4182C-E093-4317-B331-9F682256DDB2}.Debug|Any CPU.ActiveCfg = Debug|Any CPU
		{D0C4182C-E093-4317-B331-9F682256DDB2}.Debug|Any CPU.Build.0 = Debug|Any CPU
		{D0C4182C-E093-4317-B331-9F682256DDB2}.Release|Any CPU.ActiveCfg = Release|Any CPU
		{D0C4182C-E093-4317-B331-9F682256DDB2}.Release|Any CPU.Build.0 = Release|Any CPU
		{C7F48264-9082-475A-B17D-3EA22FAA7404}.Debug|Any CPU.ActiveCfg = Debug|Any CPU
		{C7F48264-9082-475A-B17D-3EA22FAA7404}.Debug|Any CPU.Build.0 = Debug|Any CPU
		{C7F48264-9082-475A-B17D-3EA22FAA7404}.Release|Any CPU.ActiveCfg = Release|Any CPU
		{C7F48264-9082-475A-B17D-3EA22FAA7404}.Release|Any CPU.Build.0 = Release|Any CPU
		{F9D19667-CA5F-4799-85BB-65EB973649F2}.Debug|Any CPU.ActiveCfg = Debug|Any CPU
		{F9D19667-CA5F-4799-85BB-65EB973649F2}.Debug|Any CPU.Build.0 = Debug|Any CPU
		{F9D19667-CA5F-4799-85BB-65EB973649F2}.Release|Any CPU.ActiveCfg = Release|Any CPU
		{F9D19667-CA5F-4799-85BB-65EB973649F2}.Release|Any CPU.Build.0 = Release|Any CPU
		{8A25DC68-DC8E-423E-BDEF-B88EFA6CEA59}.Debug|Any CPU.ActiveCfg = Debug|Any CPU
		{8A25DC68-DC8E-423E-BDEF-B88EFA6CEA59}.Debug|Any CPU.Build.0 = Debug|Any CPU
		{8A25DC68-DC8E-423E-BDEF-B88EFA6CEA59}.Release|Any CPU.ActiveCfg = Release|Any CPU
		{8A25DC68-DC8E-423E-BDEF-B88EFA6CEA59}.Release|Any CPU.Build.0 = Release|Any CPU
	EndGlobalSection
	GlobalSection(SolutionProperties) = preSolution
		HideSolutionNode = FALSE
	EndGlobalSection
	GlobalSection(ExtensibilityGlobals) = postSolution
		EnterpriseLibraryConfigurationToolBinariesPath = packages\TransientFaultHandling.Core.5.1.1209.0\lib\NET4;packages\Unity.2.1.505.0\lib\NET35;packages\Unity.Interception.2.1.505.0\lib\NET35;packages\EnterpriseLibrary.Common.5.0.505.0\lib\NET35;packages\EnterpriseLibrary.WindowsAzure.TransientFaultHandling.5.1.1212.0\lib\NET4;packages\EnterpriseLibrary.WindowsAzure.TransientFaultHandling.5.1.1212.0\DesignTime
		EnterpriseLibraryConfigurationToolBinariesPathV6 = packages\EnterpriseLibrary.Common.6.0.1304.0\lib\NET45;packages\EnterpriseLibrary.ExceptionHandling.6.0.1304.0\lib\NET45
	EndGlobalSection
EndGlobal
